
Microsoft Visual Studio Solution File, Format Version 12.00
# Visual Studio Version 17
VisualStudioVersion = 17.1.32228.430
MinimumVisualStudioVersion = 10.0.40219.1
Project("{8BC9CEB8-8B4A-11D0-8D11-00A0C91BC942}") = "ConsoleApplication1", "ConsoleApplication1.vcxproj", "{B9CF8FD2-32F3-40E8-AD8A-6B57168A1AA5}"
EndProject
Global
	GlobalSection(SolutionConfigurationPlatforms) = preSolution
		Debug|x64 = Debug|x64
		Debug|x86 = Debug|x86
		Release|x64 = Release|x64
		Release|x86 = Release|x86
	EndGlobalSection
	GlobalSection(ProjectConfigurationPlatforms) = postSolution
		{B9CF8FD2-32F3-40E8-AD8A-6B57168A1AA5}.Debug|x64.ActiveCfg = Debug|x64
		{B9CF8FD2-32F3-40E8-AD8A-6B57168A1AA5}.Debug|x64.Build.0 = Debug|x64
		{B9CF8FD2-32F3-40E8-AD8A-6B57168A1AA5}.Debug|x86.ActiveCfg = Debug|Win32
		{B9CF8FD2-32F3-40E8-AD8A-6B57168A1AA5}.Debug|x86.Build.0 = Debug|Win32
		{B9CF8FD2-32F3-40E8-AD8A-6B57168A1AA5}.Release|x64.ActiveCfg = Release|x64
		{B9CF8FD2-32F3-40E8-AD8A-6B57168A1AA5}.Release|x64.Build.0 = Release|x64
		{B9CF8FD2-32F3-40E8-AD8A-6B57168A1AA5}.Release|x86.ActiveCfg = Release|Win32
		{B9CF8FD2-32F3-40E8-AD8A-6B57168A1AA5}.Release|x86.Build.0 = Release|Win32
	EndGlobalSection
	GlobalSection(SolutionProperties) = preSolution
		HideSolutionNode = FALSE
	EndGlobalSection
	GlobalSection(ExtensibilityGlobals) = postSolution
		SolutionGuid = {3FE2D931-0C0E-4540-8415-6BEE4D4479CD}
	EndGlobalSection
EndGlobal
